
Microsoft Visual Studio Solution File, Format Version 12.00
# Visual Studio Version 17
VisualStudioVersion = 17.8.34330.188
MinimumVisualStudioVersion = 10.0.40219.1
Project("{FAE04EC0-301F-11D3-BF4B-00C04F79EFBC}") = "DAL", "DAL\DAL.csproj", "{332718F3-3BE0-4794-9BBC-E6737E0A6E5E}"
EndProject
Project("{FAE04EC0-301F-11D3-BF4B-00C04F79EFBC}") = "BLL", "BLL\BLL.csproj", "{9BAC8BF3-3DFB-40D1-8FBD-122A86128981}"
EndProject
Project("{FAE04EC0-301F-11D3-BF4B-00C04F79EFBC}") = "DecorateMyNestBackend", "DecorateMyNestBackend\DecorateMyNestBackend.csproj", "{E0430354-28EF-45EE-B49C-AB57DAA3A1B8}"
EndProject
Global
	GlobalSection(SolutionConfigurationPlatforms) = preSolution
		Debug|Any CPU = Debug|Any CPU
		Release|Any CPU = Release|Any CPU
	EndGlobalSection
	GlobalSection(ProjectConfigurationPlatforms) = postSolution
		{332718F3-3BE0-4794-9BBC-E6737E0A6E5E}.Debug|Any CPU.ActiveCfg = Debug|Any CPU
		{332718F3-3BE0-4794-9BBC-E6737E0A6E5E}.Debug|Any CPU.Build.0 = Debug|Any CPU
		{332718F3-3BE0-4794-9BBC-E6737E0A6E5E}.Release|Any CPU.ActiveCfg = Release|Any CPU
		{332718F3-3BE0-4794-9BBC-E6737E0A6E5E}.Release|Any CPU.Build.0 = Release|Any CPU
		{9BAC8BF3-3DFB-40D1-8FBD-122A86128981}.Debug|Any CPU.ActiveCfg = Debug|Any CPU
		{9BAC8BF3-3DFB-40D1-8FBD-122A86128981}.Debug|Any CPU.Build.0 = Debug|Any CPU
		{9BAC8BF3-3DFB-40D1-8FBD-122A86128981}.Release|Any CPU.ActiveCfg = Release|Any CPU
		{9BAC8BF3-3DFB-40D1-8FBD-122A86128981}.Release|Any CPU.Build.0 = Release|Any CPU
		{E0430354-28EF-45EE-B49C-AB57DAA3A1B8}.Debug|Any CPU.ActiveCfg = Debug|Any CPU
		{E0430354-28EF-45EE-B49C-AB57DAA3A1B8}.Debug|Any CPU.Build.0 = Debug|Any CPU
		{E0430354-28EF-45EE-B49C-AB57DAA3A1B8}.Release|Any CPU.ActiveCfg = Release|Any CPU
		{E0430354-28EF-45EE-B49C-AB57DAA3A1B8}.Release|Any CPU.Build.0 = Release|Any CPU
	EndGlobalSection
	GlobalSection(SolutionProperties) = preSolution
		HideSolutionNode = FALSE
	EndGlobalSection
	GlobalSection(ExtensibilityGlobals) = postSolution
		SolutionGuid = {462208B7-E458-48ED-AF02-8EF08C71EC3E}
	EndGlobalSection
EndGlobal
