Microsoft Visual Studio Solution File, Format Version 12.00
# Visual Studio Version 17
VisualStudioVersion = 17.8.34330.188
MinimumVisualStudioVersion = 10.0.40219.1
Project("{9A19103F-16F7-4668-BE54-9A1E7A4F7556}") = "DAL", "DAL\DAL.csproj", "{D320F596-9997-4524-93C2-C22D119D5B8A}"
EndProject
Project("{9A19103F-16F7-4668-BE54-9A1E7A4F7556}") = "BLL", "BLL\BLL.csproj", "{0F617F1E-8092-4140-8F16-F3DB56516338}"
EndProject
Project("{9A19103F-16F7-4668-BE54-9A1E7A4F7556}") = "DecorateMyNestBackendCore", "DecorateMyNestBackendCore\DecorateMyNestBackendCore.csproj", "{171F865B-882A-4A19-B92C-53017E56E189}"
EndProject
Global
	GlobalSection(SolutionConfigurationPlatforms) = preSolution
		Debug|Any CPU = Debug|Any CPU
		Release|Any CPU = Release|Any CPU
	EndGlobalSection
	GlobalSection(ProjectConfigurationPlatforms) = postSolution
		{D320F596-9997-4524-93C2-C22D119D5B8A}.Debug|Any CPU.ActiveCfg = Debug|Any CPU
		{D320F596-9997-4524-93C2-C22D119D5B8A}.Debug|Any CPU.Build.0 = Debug|Any CPU
		{D320F596-9997-4524-93C2-C22D119D5B8A}.Release|Any CPU.ActiveCfg = Release|Any CPU
		{D320F596-9997-4524-93C2-C22D119D5B8A}.Release|Any CPU.Build.0 = Release|Any CPU
		{0F617F1E-8092-4140-8F16-F3DB56516338}.Debug|Any CPU.ActiveCfg = Debug|Any CPU
		{0F617F1E-8092-4140-8F16-F3DB56516338}.Debug|Any CPU.Build.0 = Debug|Any CPU
		{0F617F1E-8092-4140-8F16-F3DB56516338}.Release|Any CPU.ActiveCfg = Release|Any CPU
		{0F617F1E-8092-4140-8F16-F3DB56516338}.Release|Any CPU.Build.0 = Release|Any CPU
		{171F865B-882A-4A19-B92C-53017E56E189}.Debug|Any CPU.ActiveCfg = Debug|Any CPU
		{171F865B-882A-4A19-B92C-53017E56E189}.Debug|Any CPU.Build.0 = Debug|Any CPU
		{171F865B-882A-4A19-B92C-53017E56E189}.Release|Any CPU.ActiveCfg = Release|Any CPU
		{171F865B-882A-4A19-B92C-53017E56E189}.Release|Any CPU.Build.0 = Release|Any CPU
	EndGlobalSection
	GlobalSection(SolutionProperties) = preSolution
		HideSolutionNode = FALSE
	EndGlobalSection
	GlobalSection(ExtensibilityGlobals) = postSolution
		SolutionGuid = {27A1CBED-A0E8-476E-8631-E833A170187E}
	EndGlobalSection
EndGlobal
